
Microsoft Visual Studio Solution File, Format Version 12.00
# Visual Studio 2012
Project("{FAE04EC0-301F-11D3-BF4B-00C04F79EFBC}") = "ESO - Skill Point Calculator", "ESO - Skill Point Calculator\ESO - Skill Point Calculator.csproj", "{6803346D-5A65-4BA3-A0B6-8234B59E96CF}"
EndProject
Global
	GlobalSection(SolutionConfigurationPlatforms) = preSolution
		Debug|Any CPU = Debug|Any CPU
		Release|Any CPU = Release|Any CPU
	EndGlobalSection
	GlobalSection(ProjectConfigurationPlatforms) = postSolution
		{6803346D-5A65-4BA3-A0B6-8234B59E96CF}.Debug|Any CPU.ActiveCfg = Debug|Any CPU
		{6803346D-5A65-4BA3-A0B6-8234B59E96CF}.Debug|Any CPU.Build.0 = Debug|Any CPU
		{6803346D-5A65-4BA3-A0B6-8234B59E96CF}.Release|Any CPU.ActiveCfg = Release|Any CPU
		{6803346D-5A65-4BA3-A0B6-8234B59E96CF}.Release|Any CPU.Build.0 = Release|Any CPU
	EndGlobalSection
	GlobalSection(SolutionProperties) = preSolution
		HideSolutionNode = FALSE
	EndGlobalSection
EndGlobal
